
Microsoft Visual Studio Solution File, Format Version 12.00
# Visual Studio Version 16
VisualStudioVersion = 16.0.32802.440
MinimumVisualStudioVersion = 10.0.40219.1
Project("{8BC9CEB8-8B4A-11D0-8D11-00A0C91BC942}") = "primer", "primer\primer.vcxproj", "{D6145F7C-A3B3-46A9-ACA4-2C4799EA86E8}"
EndProject
Global
	GlobalSection(SolutionConfigurationPlatforms) = preSolution
		Debug|x64 = Debug|x64
		Debug|x86 = Debug|x86
		Release|x64 = Release|x64
		Release|x86 = Release|x86
	EndGlobalSection
	GlobalSection(ProjectConfigurationPlatforms) = postSolution
		{D6145F7C-A3B3-46A9-ACA4-2C4799EA86E8}.Debug|x64.ActiveCfg = Debug|x64
		{D6145F7C-A3B3-46A9-ACA4-2C4799EA86E8}.Debug|x64.Build.0 = Debug|x64
		{D6145F7C-A3B3-46A9-ACA4-2C4799EA86E8}.Debug|x86.ActiveCfg = Debug|Win32
		{D6145F7C-A3B3-46A9-ACA4-2C4799EA86E8}.Debug|x86.Build.0 = Debug|Win32
		{D6145F7C-A3B3-46A9-ACA4-2C4799EA86E8}.Release|x64.ActiveCfg = Release|x64
		{D6145F7C-A3B3-46A9-ACA4-2C4799EA86E8}.Release|x64.Build.0 = Release|x64
		{D6145F7C-A3B3-46A9-ACA4-2C4799EA86E8}.Release|x86.ActiveCfg = Release|Win32
		{D6145F7C-A3B3-46A9-ACA4-2C4799EA86E8}.Release|x86.Build.0 = Release|Win32
	EndGlobalSection
	GlobalSection(SolutionProperties) = preSolution
		HideSolutionNode = FALSE
	EndGlobalSection
	GlobalSection(ExtensibilityGlobals) = postSolution
		SolutionGuid = {F11D88B2-4736-438F-AAAB-441FB3C1EE10}
	EndGlobalSection
EndGlobal
