
Microsoft Visual Studio Solution File, Format Version 12.00
# Visual Studio Version 16
VisualStudioVersion = 16.0.32802.440
MinimumVisualStudioVersion = 10.0.40219.1
Project("{8BC9CEB8-8B4A-11D0-8D11-00A0C91BC942}") = "Evseenko_lab05", "Evseenko_lab05\Evseenko_lab05.vcxproj", "{A4DA4040-0673-440F-845D-BFA3E199CB04}"
EndProject
Project("{8BC9CEB8-8B4A-11D0-8D11-00A0C91BC942}") = "dop", "dop\dop.vcxproj", "{634F0B83-07DF-4065-A0A4-533A31C6C614}"
EndProject
Global
	GlobalSection(SolutionConfigurationPlatforms) = preSolution
		Debug|x64 = Debug|x64
		Debug|x86 = Debug|x86
		Release|x64 = Release|x64
		Release|x86 = Release|x86
	EndGlobalSection
	GlobalSection(ProjectConfigurationPlatforms) = postSolution
		{A4DA4040-0673-440F-845D-BFA3E199CB04}.Debug|x64.ActiveCfg = Debug|x64
		{A4DA4040-0673-440F-845D-BFA3E199CB04}.Debug|x64.Build.0 = Debug|x64
		{A4DA4040-0673-440F-845D-BFA3E199CB04}.Debug|x86.ActiveCfg = Debug|Win32
		{A4DA4040-0673-440F-845D-BFA3E199CB04}.Debug|x86.Build.0 = Debug|Win32
		{A4DA4040-0673-440F-845D-BFA3E199CB04}.Release|x64.ActiveCfg = Release|x64
		{A4DA4040-0673-440F-845D-BFA3E199CB04}.Release|x64.Build.0 = Release|x64
		{A4DA4040-0673-440F-845D-BFA3E199CB04}.Release|x86.ActiveCfg = Release|Win32
		{A4DA4040-0673-440F-845D-BFA3E199CB04}.Release|x86.Build.0 = Release|Win32
		{634F0B83-07DF-4065-A0A4-533A31C6C614}.Debug|x64.ActiveCfg = Debug|x64
		{634F0B83-07DF-4065-A0A4-533A31C6C614}.Debug|x64.Build.0 = Debug|x64
		{634F0B83-07DF-4065-A0A4-533A31C6C614}.Debug|x86.ActiveCfg = Debug|Win32
		{634F0B83-07DF-4065-A0A4-533A31C6C614}.Debug|x86.Build.0 = Debug|Win32
		{634F0B83-07DF-4065-A0A4-533A31C6C614}.Release|x64.ActiveCfg = Release|x64
		{634F0B83-07DF-4065-A0A4-533A31C6C614}.Release|x64.Build.0 = Release|x64
		{634F0B83-07DF-4065-A0A4-533A31C6C614}.Release|x86.ActiveCfg = Release|Win32
		{634F0B83-07DF-4065-A0A4-533A31C6C614}.Release|x86.Build.0 = Release|Win32
	EndGlobalSection
	GlobalSection(SolutionProperties) = preSolution
		HideSolutionNode = FALSE
	EndGlobalSection
	GlobalSection(ExtensibilityGlobals) = postSolution
		SolutionGuid = {89A12AA4-ABD6-4D47-AA41-0A203550117C}
	EndGlobalSection
EndGlobal
